
Microsoft Visual Studio Solution File, Format Version 12.00
# Visual Studio Version 17
VisualStudioVersion = 17.10.35122.118
MinimumVisualStudioVersion = 10.0.40219.1
Project("{FAE04EC0-301F-11D3-BF4B-00C04F79EFBC}") = "WebAppDemo", "WebAppDemo\WebAppDemo.csproj", "{6B84FECF-9B6B-48EA-9B62-96C222D7131C}"
EndProject
Global
	GlobalSection(SolutionConfigurationPlatforms) = preSolution
		Debug|Any CPU = Debug|Any CPU
		Release|Any CPU = Release|Any CPU
	EndGlobalSection
	GlobalSection(ProjectConfigurationPlatforms) = postSolution
		{6B84FECF-9B6B-48EA-9B62-96C222D7131C}.Debug|Any CPU.ActiveCfg = Debug|Any CPU
		{6B84FECF-9B6B-48EA-9B62-96C222D7131C}.Debug|Any CPU.Build.0 = Debug|Any CPU
		{6B84FECF-9B6B-48EA-9B62-96C222D7131C}.Release|Any CPU.ActiveCfg = Release|Any CPU
		{6B84FECF-9B6B-48EA-9B62-96C222D7131C}.Release|Any CPU.Build.0 = Release|Any CPU
	EndGlobalSection
	GlobalSection(SolutionProperties) = preSolution
		HideSolutionNode = FALSE
	EndGlobalSection
	GlobalSection(ExtensibilityGlobals) = postSolution
		SolutionGuid = {774A09F9-1103-4B99-A253-E0E50773BF31}
	EndGlobalSection
EndGlobal
